github.com/danielhookx/fission v0.1.0 h1:w7NdU0uJ3WsKfVCJQl/xWtj78DJjQRg6+iYnJTneYCM=
github.com/danielhookx/fission v0.1.0/go.mod h1:oNCIBlyQsgiAk6VoNefBYpx6oYJm3487T9oF6UMVVVE=
github.com/danielhookx/xcontainer v0.1.0 h1:EUscLmZzQO3qJnmUcVT09IGexl8utD0Z4D+anH3OfUE=
github.com/danielhookx/xcontainer v0.1.0/go.mod h1:iRTR91kmKUCxSdZVqhWA4uadW7xj98BfUdy5dDp8aHs=
github.com/davecgh/go-spew v1.1.1 h1:vj9j/u1bqnvCEfJOwUhtlOARqs3+rkHYY13jYWTU97c=
github.com/google/uuid v1.6.0 h1:NIvaJDMOsjHA8n1jAhLSgzrAzy1Hgr+hNrb57e+94F0=
github.com/pmezard/go-difflib v1.0.0 h1:4DBwDE0NGyQoBHbLQYPwSUPoCMWR5BEzIk/f1lZbAQM=
github.com/stretchr/testify v1.9.0 h1:HtqpIVDClZ4nwg75+f6Lvsy/wHu+3BoSGCbBAcpTsTg=
gopkg.in/yaml.v3 v3.0.1 h1:fxVm/GzAzEWqLHuvctI91KS9hhNmmWOoWu0XTYJS7CA=
